hash: 3dc3340296696bd14add31df0ca5c184892a1ab0d28b42c431edd39930ea945a
updated: 2016-05-22T13:24:34.332962825+09:00
imports:
- name: github.com/aws/aws-sdk-go
  version: 83c400dd354759bdb2fb49f9c6e53cee3e0c9484
  subpackages:
  - aws
  - aws/awserr
  - aws/credentials
  - aws/session
  - service/ec2
  - aws/client
  - aws/corehandlers
  - aws/defaults
  - aws/request
  - private/endpoints
  - aws/awsutil
  - aws/client/metadata
  - private/protocol
  - private/protocol/ec2query
  - private/signer/v4
  - private/waiter
  - aws/credentials/ec2rolecreds
  - aws/ec2metadata
  - private/protocol/query/queryutil
  - private/protocol/xml/xmlutil
  - private/protocol/rest
- name: github.com/codegangsta/cli
  version: bebbcf6d41ebde6db3940e63426b8ebcefca23c8
- name: github.com/go-ini/ini
  version: 12f418cc7edc5a618a51407b7ac1f1f512139df3
- name: github.com/heptagon-inc/recorder
  version: 2eb2b864cb388ff1c9ab05d9eb6abe88874287aa
  subpackages:
  - command
- name: github.com/jmespath/go-jmespath
  version: 0b12d6b521d83fc7f755e7cfc1b1fbdd35a01a74
- name: github.com/Sirupsen/logrus
  version: cd7d1bbe41066b6c1f19780f895901052150a575
devImports: []
